// !$*UTF8*$!
{
	archiveVersion = 1;
	classes = {
	};
	objectVersion = 56;
	objects = {

/* Begin PBXBuildFile section */
		7D0E323529A79CD60074F7A2 /* LibraryView.swift in Sources */ = {isa = PBXBuildFile; fileRef = 7D0E323429A79CD60074F7A2 /* LibraryView.swift */; };
		7D0E323729A79CF60074F7A2 /* PlaylistView.swift in Sources */ = {isa = PBXBuildFile; fileRef = 7D0E323629A79CF60074F7A2 /* PlaylistView.swift */; };
		7D0E323929A79D110074F7A2 /* RadioView.swift in Sources */ = {isa = PBXBuildFile; fileRef = 7D0E323829A79D110074F7A2 /* RadioView.swift */; };
		7D0E323B29A79F110074F7A2 /* SplashScreen.swift in Sources */ = {isa = PBXBuildFile; fileRef = 7D0E323A29A79F110074F7A2 /* SplashScreen.swift */; };
		7D7DB50E29A53BB90047D6F7 /* SearchView.swift in Sources */ = {isa = PBXBuildFile; fileRef = 7D7DB50D29A53BB90047D6F7 /* SearchView.swift */; };
		7DED008A29A379E200456826 /* SongManagerApp.swift in Sources */ = {isa = PBXBuildFile; fileRef = 7DED008929A379E200456826 /* SongManagerApp.swift */; };
		7DED008C29A379E200456826 /* ContentView.swift in Sources */ = {isa = PBXBuildFile; fileRef = 7DED008B29A379E200456826 /* ContentView.swift */; };
		7DED008E29A379E300456826 /* Assets.xcassets in Resources */ = {isa = PBXBuildFile; fileRef = 7DED008D29A379E300456826 /* Assets.xcassets */; };
		7DED009129A379E300456826 /* Preview Assets.xcassets in Resources */ = {isa = PBXBuildFile; fileRef = 7DED009029A379E300456826 /* Preview Assets.xcassets */; };
		7DED009B29A37A2500456826 /* Song.swift in Sources */ = {isa = PBXBuildFile; fileRef = 7DED009A29A37A2500456826 /* Song.swift */; };
		7DED009D29A39E9B00456826 /* VM.swift in Sources */ = {isa = PBXBuildFile; fileRef = 7DED009C29A39E9B00456826 /* VM.swift */; };
		7DED009F29A39FF900456826 /* TabBarView.swift in Sources */ = {isa = PBXBuildFile; fileRef = 7DED009E29A39FF900456826 /* TabBarView.swift */; };
		7DED00A129A3A34600456826 /* BlurView.swift in Sources */ = {isa = PBXBuildFile; fileRef = 7DED00A029A3A34600456826 /* BlurView.swift */; };
		7DED00A329A3A43000456826 /* MiniPlayer.swift in Sources */ = {isa = PBXBuildFile; fileRef = 7DED00A229A3A43000456826 /* MiniPlayer.swift */; };
/* End PBXBuildFile section */

/* Begin PBXFileReference section */
		7D0E323429A79CD60074F7A2 /* LibraryView.swift */ = {isa = PBXFileReference; lastKnownFileType = sourcecode.swift; path = LibraryView.swift; sourceTree = "<group>"; };
		7D0E323629A79CF60074F7A2 /* PlaylistView.swift */ = {isa = PBXFileReference; lastKnownFileType = sourcecode.swift; path = PlaylistView.swift; sourceTree = "<group>"; };
		7D0E323829A79D110074F7A2 /* RadioView.swift */ = {isa = PBXFileReference; lastKnownFileType = sourcecode.swift; path = RadioView.swift; sourceTree = "<group>"; };
		7D0E323A29A79F110074F7A2 /* SplashScreen.swift */ = {isa = PBXFileReference; lastKnownFileType = sourcecode.swift; path = SplashScreen.swift; sourceTree = "<group>"; };
		7D7DB50D29A53BB90047D6F7 /* SearchView.swift */ = {isa = PBXFileReference; lastKnownFileType = sourcecode.swift; path = SearchView.swift; sourceTree = "<group>"; };
		7DED008629A379E200456826 /* SongManager.app */ = {isa = PBXFileReference; explicitFileType = wrapper.application; includeInIndex = 0; path = SongManager.app; sourceTree = BUILT_PRODUCTS_DIR; };
		7DED008929A379E200456826 /* SongManagerApp.swift */ = {isa = PBXFileReference; lastKnownFileType = sourcecode.swift; path = SongManagerApp.swift; sourceTree = "<group>"; };
		7DED008B29A379E200456826 /* ContentView.swift */ = {isa = PBXFileReference; lastKnownFileType = sourcecode.swift; path = ContentView.swift; sourceTree = "<group>"; };
		7DED008D29A379E300456826 /* Assets.xcassets */ = {isa = PBXFileReference; lastKnownFileType = folder.assetcatalog; path = Assets.xcassets; sourceTree = "<group>"; };
		7DED009029A379E300456826 /* Preview Assets.xcassets */ = {isa = PBXFileReference; lastKnownFileType = folder.assetcatalog; path = "Preview Assets.xcassets"; sourceTree = "<group>"; };
		7DED009A29A37A2500456826 /* Song.swift */ = {isa = PBXFileReference; lastKnownFileType = sourcecode.swift; path = Song.swift; sourceTree = "<group>"; };
		7DED009C29A39E9B00456826 /* VM.swift */ = {isa = PBXFileReference; lastKnownFileType = sourcecode.swift; path = VM.swift; sourceTree = "<group>"; };
		7DED009E29A39FF900456826 /* TabBarView.swift */ = {isa = PBXFileReference; lastKnownFileType = sourcecode.swift; path = TabBarView.swift; sourceTree = "<group>"; };
		7DED00A029A3A34600456826 /* BlurView.swift */ = {isa = PBXFileReference; lastKnownFileType = sourcecode.swift; path = BlurView.swift; sourceTree = "<group>"; };
		7DED00A229A3A43000456826 /* MiniPlayer.swift */ = {isa = PBXFileReference; lastKnownFileType = sourcecode.swift; path = MiniPlayer.swift; sourceTree = "<group>"; };
/* End PBXFileReference section */

/* Begin PBXFrameworksBuildPhase section */
		7DED008329A379E200456826 /* Frameworks */ = {
			isa = PBXFrameworksBuildPhase;
			buildActionMask = 2147483647;
			files = (
			);
			runOnlyForDeploymentPostprocessing = 0;
		};
/* End PBXFrameworksBuildPhase section */

/* Begin PBXGroup section */
		7DED007D29A379E200456826 = {
			isa = PBXGroup;
			children = (
				7DED008829A379E200456826 /* SongManager */,
				7DED008729A379E200456826 /* Products */,
			);
			sourceTree = "<group>";
		};
		7DED008729A379E200456826 /* Products */ = {
			isa = PBXGroup;
			children = (
				7DED008629A379E200456826 /* SongManager.app */,
			);
			name = Products;
			sourceTree = "<group>";
		};
		7DED008829A379E200456826 /* SongManager */ = {
			isa = PBXGroup;
			children = (
				7DED009929A379F800456826 /* Models */,
				7DED009829A379F600456826 /* Views */,
				7DED009729A379ED00456826 /* ViewModels */,
				7DED008929A379E200456826 /* SongManagerApp.swift */,
				7DED008D29A379E300456826 /* Assets.xcassets */,
				7DED008F29A379E300456826 /* Preview Content */,
			);
			path = SongManager;
			sourceTree = "<group>";
		};
		7DED008F29A379E300456826 /* Preview Content */ = {
			isa = PBXGroup;
			children = (
				7DED009029A379E300456826 /* Preview Assets.xcassets */,
			);
			path = "Preview Content";
			sourceTree = "<group>";
		};
		7DED009729A379ED00456826 /* ViewModels */ = {
			isa = PBXGroup;
			children = (
				7DED009C29A39E9B00456826 /* VM.swift */,
			);
			path = ViewModels;
			sourceTree = "<group>";
		};
		7DED009829A379F600456826 /* Views */ = {
			isa = PBXGroup;
			children = (
				7DED008B29A379E200456826 /* ContentView.swift */,
				7DED009E29A39FF900456826 /* TabBarView.swift */,
				7DED00A029A3A34600456826 /* BlurView.swift */,
				7DED00A229A3A43000456826 /* MiniPlayer.swift */,
				7D7DB50D29A53BB90047D6F7 /* SearchView.swift */,
				7D0E323429A79CD60074F7A2 /* LibraryView.swift */,
				7D0E323629A79CF60074F7A2 /* PlaylistView.swift */,
				7D0E323829A79D110074F7A2 /* RadioView.swift */,
				7D0E323A29A79F110074F7A2 /* SplashScreen.swift */,
			);
			path = Views;
			sourceTree = "<group>";
		};
		7DED009929A379F800456826 /* Models */ = {
			isa = PBXGroup;
			children = (
				7DED009A29A37A2500456826 /* Song.swift */,
			);
			path = Models;
			sourceTree = "<group>";
		};
/* End PBXGroup section */

/* Begin PBXNativeTarget section */
		7DED008529A379E200456826 /* SongManager */ = {
			isa = PBXNativeTarget;
			buildConfigurationList = 7DED009429A379E300456826 /* Build configuration list for PBXNativeTarget "SongManager" */;
			buildPhases = (
				7DED008229A379E200456826 /* Sources */,
				7DED008329A379E200456826 /* Frameworks */,
				7DED008429A379E200456826 /* Resources */,
			);
			buildRules = (
			);
			dependencies = (
			);
			name = SongManager;
			productName = SongManager;
			productReference = 7DED008629A379E200456826 /* SongManager.app */;
			productType = "com.apple.product-type.application";
		};
/* End PBXNativeTarget section */

/* Begin PBXProject section */
		7DED007E29A379E200456826 /* Project object */ = {
			isa = PBXProject;
			attributes = {
				BuildIndependentTargetsInParallel = 1;
				LastSwiftUpdateCheck = 1420;
				LastUpgradeCheck = 1420;
				TargetAttributes = {
					7DED008529A379E200456826 = {
						CreatedOnToolsVersion = 14.2;
					};
				};
			};
			buildConfigurationList = 7DED008129A379E200456826 /* Build configuration list for PBXProject "SongManager" */;
			compatibilityVersion = "Xcode 14.0";
			developmentRegion = en;
			hasScannedForEncodings = 0;
			knownRegions = (
				en,
				Base,
			);
			mainGroup = 7DED007D29A379E200456826;
			productRefGroup = 7DED008729A379E200456826 /* Products */;
			projectDirPath = "";
			projectRoot = "";
			targets = (
				7DED008529A379E200456826 /* SongManager */,
			);
		};
/* End PBXProject section */

/* Begin PBXResourcesBuildPhase section */
		7DED008429A379E200456826 /* Resources */ = {
			isa = PBXResourcesBuildPhase;
			buildActionMask = 2147483647;
			files = (
				7DED009129A379E300456826 /* Preview Assets.xcassets in Resources */,
				7DED008E29A379E300456826 /* Assets.xcassets in Resources */,
			);
			runOnlyForDeploymentPostprocessing = 0;
		};
/* End PBXResourcesBuildPhase section */

/* Begin PBXSourcesBuildPhase section */
		7DED008229A379E200456826 /* Sources */ = {
			isa = PBXSourcesBuildPhase;
			buildActionMask = 2147483647;
			files = (
				7D0E323B29A79F110074F7A2 /* SplashScreen.swift in Sources */,
				7D0E323929A79D110074F7A2 /* RadioView.swift in Sources */,
				7DED009B29A37A2500456826 /* Song.swift in Sources */,
				7DED008C29A379E200456826 /* ContentView.swift in Sources */,
				7DED009D29A39E9B00456826 /* VM.swift in Sources */,
				7DED008A29A379E200456826 /* SongManagerApp.swift in Sources */,
				7D0E323729A79CF60074F7A2 /* PlaylistView.swift in Sources */,
				7D0E323529A79CD60074F7A2 /* LibraryView.swift in Sources */,
				7D7DB50E29A53BB90047D6F7 /* SearchView.swift in Sources */,
				7DED00A329A3A43000456826 /* MiniPlayer.swift in Sources */,
				7DED009F29A39FF900456826 /* TabBarView.swift in Sources */,
				7DED00A129A3A34600456826 /* BlurView.swift in Sources */,
			);
			runOnlyForDeploymentPostprocessing = 0;
		};
/* End PBXSourcesBuildPhase section */

/* Begin XCBuildConfiguration section */
		7DED009229A379E300456826 /* Debug */ = {
			isa = XCBuildConfiguration;
			buildSettings = {
				ALWAYS_SEARCH_USER_PATHS = NO;
				CLANG_ANALYZER_NONNULL = YES;
				CLANG_ANALYZER_NUMBER_OBJECT_CONVERSION = YES_AGGRESSIVE;
				CLANG_CXX_LANGUAGE_STANDARD = "gnu++20";
				CLANG_ENABLE_MODULES = YES;
				CLANG_ENABLE_OBJC_ARC = YES;
				CLANG_ENABLE_OBJC_WEAK = YES;
				CLANG_WARN_BLOCK_CAPTURE_AUTORELEASING = YES;
				CLANG_WARN_BOOL_CONVERSION = YES;
				CLANG_WARN_COMMA = YES;
				CLANG_WARN_CONSTANT_CONVERSION = YES;
				CLANG_WARN_DEPRECATED_OBJC_IMPLEMENTATIONS = YES;
				CLANG_WARN_DIRECT_OBJC_ISA_USAGE = YES_ERROR;
				CLANG_WARN_DOCUMENTATION_COMMENTS = YES;
				CLANG_WARN_EMPTY_BODY = YES;
				CLANG_WARN_ENUM_CONVERSION = YES;
				CLANG_WARN_INFINITE_RECURSION = YES;
				CLANG_WARN_INT_CONVERSION = YES;
				CLANG_WARN_NON_LITERAL_NULL_CONVERSION = YES;
				CLANG_WARN_OBJC_IMPLICIT_RETAIN_SELF = YES;
				CLANG_WARN_OBJC_LITERAL_CONVERSION = YES;
				CLANG_WARN_OBJC_ROOT_CLASS = YES_ERROR;
				CLANG_WARN_QUOTED_INCLUDE_IN_FRAMEWORK_HEADER = YES;
				CLANG_WARN_RANGE_LOOP_ANALYSIS = YES;
				CLANG_WARN_STRICT_PROTOTYPES = YES;
				CLANG_WARN_SUSPICIOUS_MOVE = YES;
				CLANG_WARN_UNGUARDED_AVAILABILITY = YES_AGGRESSIVE;
				CLANG_WARN_UNREACHABLE_CODE = YES;
				CLANG_WARN__DUPLICATE_METHOD_MATCH = YES;
				COPY_PHASE_STRIP = NO;
				DEBUG_INFORMATION_FORMAT = dwarf;
				ENABLE_STRICT_OBJC_MSGSEND = YES;
				ENABLE_TESTABILITY = YES;
				GCC_C_LANGUAGE_STANDARD = gnu11;
				GCC_DYNAMIC_NO_PIC = NO;
				GCC_NO_COMMON_BLOCKS = YES;
				GCC_OPTIMIZATION_LEVEL = 0;
				GCC_PREPROCESSOR_DEFINITIONS = (
					"DEBUG=1",
					"$(inherited)",
				);
				GCC_WARN_64_TO_32_BIT_CONVERSION = YES;
				GCC_WARN_ABOUT_RETURN_TYPE = YES_ERROR;
				GCC_WARN_UNDECLARED_SELECTOR = YES;
				GCC_WARN_UNINITIALIZED_AUTOS = YES_AGGRESSIVE;
				GCC_WARN_UNUSED_FUNCTION = YES;
				GCC_WARN_UNUSED_VARIABLE = YES;
				IPHONEOS_DEPLOYMENT_TARGET = 16.2;
				MTL_ENABLE_DEBUG_INFO = INCLUDE_SOURCE;
				MTL_FAST_MATH = YES;
				ONLY_ACTIVE_ARCH = YES;
				SDKROOT = iphoneos;
				SWIFT_ACTIVE_COMPILATION_CONDITIONS = DEBUG;
				SWIFT_OPTIMIZATION_LEVEL = "-Onone";
			};
			name = Debug;
		};
		7DED009329A379E300456826 /* Release */ = {
			isa = XCBuildConfiguration;
			buildSettings = {
				ALWAYS_SEARCH_USER_PATHS = NO;
				CLANG_ANALYZER_NONNULL = YES;
				CLANG_ANALYZER_NUMBER_OBJECT_CONVERSION = YES_AGGRESSIVE;
				CLANG_CXX_LANGUAGE_STANDARD = "gnu++20";
				CLANG_ENABLE_MODULES = YES;
				CLANG_ENABLE_OBJC_ARC = YES;
				CLANG_ENABLE_OBJC_WEAK = YES;
				CLANG_WARN_BLOCK_CAPTURE_AUTORELEASING = YES;
				CLANG_WARN_BOOL_CONVERSION = YES;
				CLANG_WARN_COMMA = YES;
				CLANG_WARN_CONSTANT_CONVERSION = YES;
				CLANG_WARN_DEPRECATED_OBJC_IMPLEMENTATIONS = YES;
				CLANG_WARN_DIRECT_OBJC_ISA_USAGE = YES_ERROR;
				CLANG_WARN_DOCUMENTATION_COMMENTS = YES;
				CLANG_WARN_EMPTY_BODY = YES;
				CLANG_WARN_ENUM_CONVERSION = YES;
				CLANG_WARN_INFINITE_RECURSION = YES;
				CLANG_WARN_INT_CONVERSION = YES;
				CLANG_WARN_NON_LITERAL_NULL_CONVERSION = YES;
				CLANG_WARN_OBJC_IMPLICIT_RETAIN_SELF = YES;
				CLANG_WARN_OBJC_LITERAL_CONVERSION = YES;
				CLANG_WARN_OBJC_ROOT_CLASS = YES_ERROR;
				CLANG_WARN_QUOTED_INCLUDE_IN_FRAMEWORK_HEADER = YES;
				CLANG_WARN_RANGE_LOOP_ANALYSIS = YES;
				CLANG_WARN_STRICT_PROTOTYPES = YES;
				CLANG_WARN_SUSPICIOUS_MOVE = YES;
				CLANG_WARN_UNGUARDED_AVAILABILITY = YES_AGGRESSIVE;
				CLANG_WARN_UNREACHABLE_CODE = YES;
				CLANG_WARN__DUPLICATE_METHOD_MATCH = YES;
				COPY_PHASE_STRIP = NO;
				DEBUG_INFORMATION_FORMAT = "dwarf-with-dsym";
				ENABLE_NS_ASSERTIONS = NO;
				ENABLE_STRICT_OBJC_MSGSEND = YES;
				GCC_C_LANGUAGE_STANDARD = gnu11;
				GCC_NO_COMMON_BLOCKS = YES;
				GCC_WARN_64_TO_32_BIT_CONVERSION = YES;
				GCC_WARN_ABOUT_RETURN_TYPE = YES_ERROR;
				GCC_WARN_UNDECLARED_SELECTOR = YES;
				GCC_WARN_UNINITIALIZED_AUTOS = YES_AGGRESSIVE;
				GCC_WARN_UNUSED_FUNCTION = YES;
				GCC_WARN_UNUSED_VARIABLE = YES;
				IPHONEOS_DEPLOYMENT_TARGET = 16.2;
				MTL_ENABLE_DEBUG_INFO = NO;
				MTL_FAST_MATH = YES;
				SDKROOT = iphoneos;
				SWIFT_COMPILATION_MODE = wholemodule;
				SWIFT_OPTIMIZATION_LEVEL = "-O";
				VALIDATE_PRODUCT = YES;
			};
			name = Release;
		};
		7DED009529A379E300456826 /* Debug */ = {
			isa = XCBuildConfiguration;
			buildSettings = {
				ASSETCATALOG_COMPILER_APPICON_NAME = AppIcon;
				ASSETCATALOG_COMPILER_GLOBAL_ACCENT_COLOR_NAME = AccentColor;
				CODE_SIGN_STYLE = Automatic;
				CURRENT_PROJECT_VERSION = 1;
				DEVELOPMENT_ASSET_PATHS = "\"SongManager/Preview Content\"";
				DEVELOPMENT_TEAM = 53HA777M7Z;
				ENABLE_PREVIEWS = YES;
				GENERATE_INFOPLIST_FILE = YES;
				INFOPLIST_KEY_UIApplicationSceneManifest_Generation = YES;
				INFOPLIST_KEY_UIApplicationSupportsIndirectInputEvents = YES;
				INFOPLIST_KEY_UILaunchScreen_Generation = YES;
				INFOPLIST_KEY_UISupportedInterfaceOrientations_iPad = "UIInterfaceOrientationPortrait UIInterfaceOrientationPortraitUpsideDown UIInterfaceOrientationLandscapeLeft UIInterfaceOrientationLandscapeRight";
				INFOPLIST_KEY_UISupportedInterfaceOrientations_iPhone = "UIInterfaceOrientationPortrait UIInterfaceOrientationLandscapeLeft UIInterfaceOrientationLandscapeRight";
				LD_RUNPATH_SEARCH_PATHS = (
					"$(inherited)",
					"@executable_path/Frameworks",
				);
				MARKETING_VERSION = 1.0;
				PRODUCT_BUNDLE_IDENTIFIER = patrick.alves.SongManager;
				PRODUCT_NAME = "$(TARGET_NAME)";
				SWIFT_EMIT_LOC_STRINGS = YES;
				SWIFT_VERSION = 5.0;
				TARGETED_DEVICE_FAMILY = "1,2";
			};
			name = Debug;
		};
		7DED009629A379E300456826 /* Release */ = {
			isa = XCBuildConfiguration;
			buildSettings = {
				ASSETCATALOG_COMPILER_APPICON_NAME = AppIcon;
				ASSETCATALOG_COMPILER_GLOBAL_ACCENT_COLOR_NAME = AccentColor;
				CODE_SIGN_STYLE = Automatic;
				CURRENT_PROJECT_VERSION = 1;
				DEVELOPMENT_ASSET_PATHS = "\"SongManager/Preview Content\"";
				DEVELOPMENT_TEAM = 53HA777M7Z;
				ENABLE_PREVIEWS = YES;
				GENERATE_INFOPLIST_FILE = YES;
				INFOPLIST_KEY_UIApplicationSceneManifest_Generation = YES;
				INFOPLIST_KEY_UIApplicationSupportsIndirectInputEvents = YES;
				INFOPLIST_KEY_UILaunchScreen_Generation = YES;
				INFOPLIST_KEY_UISupportedInterfaceOrientations_iPad = "UIInterfaceOrientationPortrait UIInterfaceOrientationPortraitUpsideDown UIInterfaceOrientationLandscapeLeft UIInterfaceOrientationLandscapeRight";
				INFOPLIST_KEY_UISupportedInterfaceOrientations_iPhone = "UIInterfaceOrientationPortrait UIInterfaceOrientationLandscapeLeft UIInterfaceOrientationLandscapeRight";
				LD_RUNPATH_SEARCH_PATHS = (
					"$(inherited)",
					"@executable_path/Frameworks",
				);
				MARKETING_VERSION = 1.0;
				PRODUCT_BUNDLE_IDENTIFIER = patrick.alves.SongManager;
				PRODUCT_NAME = "$(TARGET_NAME)";
				SWIFT_EMIT_LOC_STRINGS = YES;
				SWIFT_VERSION = 5.0;
				TARGETED_DEVICE_FAMILY = "1,2";
			};
			name = Release;
		};
/* End XCBuildConfiguration section */

/* Begin XCConfigurationList section */
		7DED008129A379E200456826 /* Build configuration list for PBXProject "SongManager" */ = {
			isa = XCConfigurationList;
			buildConfigurations = (
				7DED009229A379E300456826 /* Debug */,
				7DED009329A379E300456826 /* Release */,
			);
			defaultConfigurationIsVisible = 0;
			defaultConfigurationName = Release;
		};
		7DED009429A379E300456826 /* Build configuration list for PBXNativeTarget "SongManager" */ = {
			isa = XCConfigurationList;
			buildConfigurations = (
				7DED009529A379E300456826 /* Debug */,
				7DED009629A379E300456826 /* Release */,
			);
			defaultConfigurationIsVisible = 0;
			defaultConfigurationName = Release;
		};
/* End XCConfigurationList section */
	};
	rootObject = 7DED007E29A379E200456826 /* Project object */;
}
